
Microsoft Visual Studio Solution File, Format Version 12.00
# Visual Studio Version 17
VisualStudioVersion = 17.0.32112.339
MinimumVisualStudioVersion = 10.0.40219.1
Project("{FAE04EC0-301F-11D3-BF4B-00C04F79EFBC}") = "L23-Lab3-BlazorChat", "L23-Lab3-BlazorChat\L23-Lab3-BlazorChat.csproj", "{BE496D76-266F-4F48-AEEB-2C19ED4CE808}"
EndProject
Global
	GlobalSection(SolutionConfigurationPlatforms) = preSolution
		Debug|Any CPU = Debug|Any CPU
		Release|Any CPU = Release|Any CPU
	EndGlobalSection
	GlobalSection(ProjectConfigurationPlatforms) = postSolution
		{BE496D76-266F-4F48-AEEB-2C19ED4CE808}.Debug|Any CPU.ActiveCfg = Debug|Any CPU
		{BE496D76-266F-4F48-AEEB-2C19ED4CE808}.Debug|Any CPU.Build.0 = Debug|Any CPU
		{BE496D76-266F-4F48-AEEB-2C19ED4CE808}.Release|Any CPU.ActiveCfg = Release|Any CPU
		{BE496D76-266F-4F48-AEEB-2C19ED4CE808}.Release|Any CPU.Build.0 = Release|Any CPU
	EndGlobalSection
	GlobalSection(SolutionProperties) = preSolution
		HideSolutionNode = FALSE
	EndGlobalSection
	GlobalSection(ExtensibilityGlobals) = postSolution
		SolutionGuid = {C9496F59-F62C-4BAC-90EE-D36052FFF69F}
	EndGlobalSection
EndGlobal
